
Microsoft Visual Studio Solution File, Format Version 12.00
# Visual Studio Version 16
VisualStudioVersion = 16.0.30804.86
MinimumVisualStudioVersion = 10.0.40219.1
Project("{FAE04EC0-301F-11D3-BF4B-00C04F79EFBC}") = "HoneywellApp", "HoneywellApp\HoneywellApp.csproj", "{54CF9295-EAB1-45FD-8CD1-5554D02310AF}"
EndProject
Project("{FAE04EC0-301F-11D3-BF4B-00C04F79EFBC}") = "Honeywell.App.Business.Library", "Honeywell.App.Business.Library\Honeywell.App.Business.Library.csproj", "{7AF00BEE-F2FD-4CA2-9535-0F296BF69BDE}"
EndProject
Global
	GlobalSection(SolutionConfigurationPlatforms) = preSolution
		Debug|Any CPU = Debug|Any CPU
		Release|Any CPU = Release|Any CPU
	EndGlobalSection
	GlobalSection(ProjectConfigurationPlatforms) = postSolution
		{54CF9295-EAB1-45FD-8CD1-5554D02310AF}.Debug|Any CPU.ActiveCfg = Debug|Any CPU
		{54CF9295-EAB1-45FD-8CD1-5554D02310AF}.Debug|Any CPU.Build.0 = Debug|Any CPU
		{54CF9295-EAB1-45FD-8CD1-5554D02310AF}.Release|Any CPU.ActiveCfg = Release|Any CPU
		{54CF9295-EAB1-45FD-8CD1-5554D02310AF}.Release|Any CPU.Build.0 = Release|Any CPU
		{7AF00BEE-F2FD-4CA2-9535-0F296BF69BDE}.Debug|Any CPU.ActiveCfg = Debug|Any CPU
		{7AF00BEE-F2FD-4CA2-9535-0F296BF69BDE}.Debug|Any CPU.Build.0 = Debug|Any CPU
		{7AF00BEE-F2FD-4CA2-9535-0F296BF69BDE}.Release|Any CPU.ActiveCfg = Release|Any CPU
		{7AF00BEE-F2FD-4CA2-9535-0F296BF69BDE}.Release|Any CPU.Build.0 = Release|Any CPU
	EndGlobalSection
	GlobalSection(SolutionProperties) = preSolution
		HideSolutionNode = FALSE
	EndGlobalSection
	GlobalSection(ExtensibilityGlobals) = postSolution
		SolutionGuid = {9FAED774-B56F-45ED-A219-EA11609F538B}
	EndGlobalSection
EndGlobal
